
Microsoft Visual Studio Solution File, Format Version 12.00
# Visual Studio Version 16
VisualStudioVersion = 16.0.30114.105
MinimumVisualStudioVersion = 10.0.40219.1
Project("{FAE04EC0-301F-11D3-BF4B-00C04F79EFBC}") = "math", "math\math.csproj", "{43A8E557-89CC-491F-9745-8E059CC64544}"
EndProject
Project("{FAE04EC0-301F-11D3-BF4B-00C04F79EFBC}") = "math.Tests", "math.Tests\math.Tests.csproj", "{A6AB53B0-BC2D-44FA-9CD7-E4B3ED4B6EE7}"
EndProject
Global
	GlobalSection(SolutionConfigurationPlatforms) = preSolution
		Debug|Any CPU = Debug|Any CPU
		Debug|x64 = Debug|x64
		Debug|x86 = Debug|x86
		Release|Any CPU = Release|Any CPU
		Release|x64 = Release|x64
		Release|x86 = Release|x86
	EndGlobalSection
	GlobalSection(SolutionProperties) = preSolution
		HideSolutionNode = FALSE
	EndGlobalSection
	GlobalSection(ProjectConfigurationPlatforms) = postSolution
		{43A8E557-89CC-491F-9745-8E059CC64544}.Debug|Any CPU.ActiveCfg = Debug|Any CPU
		{43A8E557-89CC-491F-9745-8E059CC64544}.Debug|Any CPU.Build.0 = Debug|Any CPU
		{43A8E557-89CC-491F-9745-8E059CC64544}.Debug|x64.ActiveCfg = Debug|Any CPU
		{43A8E557-89CC-491F-9745-8E059CC64544}.Debug|x64.Build.0 = Debug|Any CPU
		{43A8E557-89CC-491F-9745-8E059CC64544}.Debug|x86.ActiveCfg = Debug|Any CPU
		{43A8E557-89CC-491F-9745-8E059CC64544}.Debug|x86.Build.0 = Debug|Any CPU
		{43A8E557-89CC-491F-9745-8E059CC64544}.Release|Any CPU.ActiveCfg = Release|Any CPU
		{43A8E557-89CC-491F-9745-8E059CC64544}.Release|Any CPU.Build.0 = Release|Any CPU
		{43A8E557-89CC-491F-9745-8E059CC64544}.Release|x64.ActiveCfg = Release|Any CPU
		{43A8E557-89CC-491F-9745-8E059CC64544}.Release|x64.Build.0 = Release|Any CPU
		{43A8E557-89CC-491F-9745-8E059CC64544}.Release|x86.ActiveCfg = Release|Any CPU
		{43A8E557-89CC-491F-9745-8E059CC64544}.Release|x86.Build.0 = Release|Any CPU
		{A6AB53B0-BC2D-44FA-9CD7-E4B3ED4B6EE7}.Debug|Any CPU.ActiveCfg = Debug|Any CPU
		{A6AB53B0-BC2D-44FA-9CD7-E4B3ED4B6EE7}.Debug|Any CPU.Build.0 = Debug|Any CPU
		{A6AB53B0-BC2D-44FA-9CD7-E4B3ED4B6EE7}.Debug|x64.ActiveCfg = Debug|Any CPU
		{A6AB53B0-BC2D-44FA-9CD7-E4B3ED4B6EE7}.Debug|x64.Build.0 = Debug|Any CPU
		{A6AB53B0-BC2D-44FA-9CD7-E4B3ED4B6EE7}.Debug|x86.ActiveCfg = Debug|Any CPU
		{A6AB53B0-BC2D-44FA-9CD7-E4B3ED4B6EE7}.Debug|x86.Build.0 = Debug|Any CPU
		{A6AB53B0-BC2D-44FA-9CD7-E4B3ED4B6EE7}.Release|Any CPU.ActiveCfg = Release|Any CPU
		{A6AB53B0-BC2D-44FA-9CD7-E4B3ED4B6EE7}.Release|Any CPU.Build.0 = Release|Any CPU
		{A6AB53B0-BC2D-44FA-9CD7-E4B3ED4B6EE7}.Release|x64.ActiveCfg = Release|Any CPU
		{A6AB53B0-BC2D-44FA-9CD7-E4B3ED4B6EE7}.Release|x64.Build.0 = Release|Any CPU
		{A6AB53B0-BC2D-44FA-9CD7-E4B3ED4B6EE7}.Release|x86.ActiveCfg = Release|Any CPU
		{A6AB53B0-BC2D-44FA-9CD7-E4B3ED4B6EE7}.Release|x86.Build.0 = Release|Any CPU
	EndGlobalSection
EndGlobal
