
Microsoft Visual Studio Solution File, Format Version 12.00
# Visual Studio Version 16
VisualStudioVersion = 16.0.31515.178
MinimumVisualStudioVersion = 10.0.40219.1
Project("{FAE04EC0-301F-11D3-BF4B-00C04F79EFBC}") = "ClassLibrary1", "bib\ClassLibrary1\ClassLibrary1.csproj", "{8D9BFD5A-EF41-4FCE-A336-05B5B5FF5A79}"
EndProject
Project("{FAE04EC0-301F-11D3-BF4B-00C04F79EFBC}") = "TestProject1", "bib.tests\TestProject1\TestProject1.csproj", "{B6D72CD7-2A33-4FB8-80A2-23863D87E2EC}"
EndProject
Global
	GlobalSection(SolutionConfigurationPlatforms) = preSolution
		Debug|Any CPU = Debug|Any CPU
		Release|Any CPU = Release|Any CPU
	EndGlobalSection
	GlobalSection(ProjectConfigurationPlatforms) = postSolution
		{8D9BFD5A-EF41-4FCE-A336-05B5B5FF5A79}.Debug|Any CPU.ActiveCfg = Debug|Any CPU
		{8D9BFD5A-EF41-4FCE-A336-05B5B5FF5A79}.Debug|Any CPU.Build.0 = Debug|Any CPU
		{8D9BFD5A-EF41-4FCE-A336-05B5B5FF5A79}.Release|Any CPU.ActiveCfg = Release|Any CPU
		{8D9BFD5A-EF41-4FCE-A336-05B5B5FF5A79}.Release|Any CPU.Build.0 = Release|Any CPU
		{B6D72CD7-2A33-4FB8-80A2-23863D87E2EC}.Debug|Any CPU.ActiveCfg = Debug|Any CPU
		{B6D72CD7-2A33-4FB8-80A2-23863D87E2EC}.Debug|Any CPU.Build.0 = Debug|Any CPU
		{B6D72CD7-2A33-4FB8-80A2-23863D87E2EC}.Release|Any CPU.ActiveCfg = Release|Any CPU
		{B6D72CD7-2A33-4FB8-80A2-23863D87E2EC}.Release|Any CPU.Build.0 = Release|Any CPU
	EndGlobalSection
	GlobalSection(SolutionProperties) = preSolution
		HideSolutionNode = FALSE
	EndGlobalSection
	GlobalSection(ExtensibilityGlobals) = postSolution
		SolutionGuid = {0F4E5D53-B8A6-4859-8DE6-F102D4C2C23E}
	EndGlobalSection
EndGlobal
